
Microsoft Visual Studio Solution File, Format Version 12.00
# Visual Studio Version 16
VisualStudioVersion = 16.0.29728.190
MinimumVisualStudioVersion = 10.0.40219.1
Project("{FAE04EC0-301F-11D3-BF4B-00C04F79EFBC}") = "Расчёт энергии решётки слоистого перовскита", "Расчёт энергии решётки слоистого перовскита\Расчёт энергии решётки слоистого перовскита.csproj", "{495E14D4-9E6C-4EF6-9E76-D15A4173E8F3}"
EndProject
Global
	GlobalSection(SolutionConfigurationPlatforms) = preSolution
		Debug|Any CPU = Debug|Any CPU
		Release|Any CPU = Release|Any CPU
	EndGlobalSection
	GlobalSection(ProjectConfigurationPlatforms) = postSolution
		{495E14D4-9E6C-4EF6-9E76-D15A4173E8F3}.Debug|Any CPU.ActiveCfg = Debug|Any CPU
		{495E14D4-9E6C-4EF6-9E76-D15A4173E8F3}.Debug|Any CPU.Build.0 = Debug|Any CPU
		{495E14D4-9E6C-4EF6-9E76-D15A4173E8F3}.Release|Any CPU.ActiveCfg = Release|Any CPU
		{495E14D4-9E6C-4EF6-9E76-D15A4173E8F3}.Release|Any CPU.Build.0 = Release|Any CPU
	EndGlobalSection
	GlobalSection(SolutionProperties) = preSolution
		HideSolutionNode = FALSE
	EndGlobalSection
	GlobalSection(ExtensibilityGlobals) = postSolution
		SolutionGuid = {0F203AD8-EB56-4050-A766-D7A754D7D8DD}
	EndGlobalSection
EndGlobal
